// !$*UTF8*$!
{
	archiveVersion = 1;
	classes = {
	};
	objectVersion = 50;
	objects = {

/* Begin PBXBuildFile section */
		4800E58C23EC0A290059ABA8 /* PlatformHelpers.swift in Sources */ = {isa = PBXBuildFile; fileRef = 4800E58B23EC0A290059ABA8 /* PlatformHelpers.swift */; };
		4800E59623EC0E000059ABA8 /* CountiesUI.h in Headers */ = {isa = PBXBuildFile; fileRef = 4800E59423EC0E000059ABA8 /* CountiesUI.h */; settings = {ATTRIBUTES = (Public, ); }; };
		4800E5B223EC112C0059ABA8 /* CountyViewController.swift in Sources */ = {isa = PBXBuildFile; fileRef = 482BC9B623EB40450053E6F6 /* CountyViewController.swift */; };
		4800E5B323EC113B0059ABA8 /* CountiesCollectionViewController.swift in Sources */ = {isa = PBXBuildFile; fileRef = 482BC9DC23EB57FC0053E6F6 /* CountiesCollectionViewController.swift */; };
		4800E5B423EC113D0059ABA8 /* CountiesViewController.swift in Sources */ = {isa = PBXBuildFile; fileRef = 482BC9DE23EB58110053E6F6 /* CountiesViewController.swift */; };
		4800E5B523EC113F0059ABA8 /* CountyCell.swift in Sources */ = {isa = PBXBuildFile; fileRef = 482BC9DA23EB57C30053E6F6 /* CountyCell.swift */; };
		4800E5B623EC11420059ABA8 /* EmptyCountiesNoticeView.swift in Sources */ = {isa = PBXBuildFile; fileRef = 482BC9D823EB57640053E6F6 /* EmptyCountiesNoticeView.swift */; };
		4800E5B723EC11490059ABA8 /* Bundle+Extensions.swift in Sources */ = {isa = PBXBuildFile; fileRef = 482BC9BE23EB427C0053E6F6 /* Bundle+Extensions.swift */; };
		4800E5B823EC114C0059ABA8 /* PlatformHelpers.swift in Sources */ = {isa = PBXBuildFile; fileRef = 4800E58B23EC0A290059ABA8 /* PlatformHelpers.swift */; };
		4800E5CF23EC12A60059ABA8 /* CountiesModel.framework in Frameworks */ = {isa = PBXBuildFile; fileRef = 4800E5CE23EC12A60059ABA8 /* CountiesModel.framework */; };
		4800E5D023EC12A60059ABA8 /* CountiesModel.framework in Embed Frameworks */ = {isa = PBXBuildFile; fileRef = 4800E5CE23EC12A60059ABA8 /* CountiesModel.framework */; settings = {ATTRIBUTES = (CodeSignOnCopy, RemoveHeadersOnCopy, ); }; };
		4800E5D623EC27840059ABA8 /* CountyViewController-tvOS.storyboard in Resources */ = {isa = PBXBuildFile; fileRef = 4800E5D523EC27840059ABA8 /* CountyViewController-tvOS.storyboard */; };
		482BC97323EB27DB0053E6F6 /* CountiesUI.h in Headers */ = {isa = PBXBuildFile; fileRef = 482BC97123EB27DB0053E6F6 /* CountiesUI.h */; settings = {ATTRIBUTES = (Public, ); }; };
		482BC97B23EB27F30053E6F6 /* CountiesModel.framework in Frameworks */ = {isa = PBXBuildFile; fileRef = 482BC97A23EB27F30053E6F6 /* CountiesModel.framework */; };
		482BC97C23EB27F30053E6F6 /* CountiesModel.framework in Embed Frameworks */ = {isa = PBXBuildFile; fileRef = 482BC97A23EB27F30053E6F6 /* CountiesModel.framework */; settings = {ATTRIBUTES = (CodeSignOnCopy, RemoveHeadersOnCopy, ); }; };
		482BC98723EB28630053E6F6 /* CountiesUI.h in Headers */ = {isa = PBXBuildFile; fileRef = 482BC98523EB28630053E6F6 /* CountiesUI.h */; settings = {ATTRIBUTES = (Public, ); }; };
		482BC9B723EB40450053E6F6 /* CountyViewController.storyboard in Resources */ = {isa = PBXBuildFile; fileRef = 482BC9B523EB40450053E6F6 /* CountyViewController.storyboard */; };
		482BC9B823EB40450053E6F6 /* CountyViewController.swift in Sources */ = {isa = PBXBuildFile; fileRef = 482BC9B623EB40450053E6F6 /* CountyViewController.swift */; };
		482BC9BC23EB41C50053E6F6 /* PillButton.swift in Sources */ = {isa = PBXBuildFile; fileRef = 482BC9BB23EB41C50053E6F6 /* PillButton.swift */; };
		482BC9BF23EB427C0053E6F6 /* Bundle+Extensions.swift in Sources */ = {isa = PBXBuildFile; fileRef = 482BC9BE23EB427C0053E6F6 /* Bundle+Extensions.swift */; };
		482BC9C223EB50420053E6F6 /* UIStoryboard+CountyViewController.swift in Sources */ = {isa = PBXBuildFile; fileRef = 482BC9C123EB50420053E6F6 /* UIStoryboard+CountyViewController.swift */; };
		482BC9D923EB57640053E6F6 /* EmptyCountiesNoticeView.swift in Sources */ = {isa = PBXBuildFile; fileRef = 482BC9D823EB57640053E6F6 /* EmptyCountiesNoticeView.swift */; };
		482BC9DB23EB57C30053E6F6 /* CountyCell.swift in Sources */ = {isa = PBXBuildFile; fileRef = 482BC9DA23EB57C30053E6F6 /* CountyCell.swift */; };
		482BC9DD23EB57FC0053E6F6 /* CountiesCollectionViewController.swift in Sources */ = {isa = PBXBuildFile; fileRef = 482BC9DC23EB57FC0053E6F6 /* CountiesCollectionViewController.swift */; };
		482BC9DF23EB58110053E6F6 /* CountiesViewController.swift in Sources */ = {isa = PBXBuildFile; fileRef = 482BC9DE23EB58110053E6F6 /* CountiesViewController.swift */; };
		485F2E1B24473E0700E67148 /* SectionHeaderSupplementaryView.swift in Sources */ = {isa = PBXBuildFile; fileRef = 485F2E1A24473E0700E67148 /* SectionHeaderSupplementaryView.swift */; };
		485F2E1C24473E0700E67148 /* SectionHeaderSupplementaryView.swift in Sources */ = {isa = PBXBuildFile; fileRef = 485F2E1A24473E0700E67148 /* SectionHeaderSupplementaryView.swift */; };
/* End PBXBuildFile section */

/* Begin PBXCopyFilesBuildPhase section */
		4800E5D123EC12A60059ABA8 /* Embed Frameworks */ = {
			isa = PBXCopyFilesBuildPhase;
			buildActionMask = 2147483647;
			dstPath = "";
			dstSubfolderSpec = 10;
			files = (
				4800E5D023EC12A60059ABA8 /* CountiesModel.framework in Embed Frameworks */,
			);
			name = "Embed Frameworks";
			runOnlyForDeploymentPostprocessing = 0;
		};
		482BC97D23EB27F30053E6F6 /* Embed Frameworks */ = {
			isa = PBXCopyFilesBuildPhase;
			buildActionMask = 2147483647;
			dstPath = "";
			dstSubfolderSpec = 10;
			files = (
				482BC97C23EB27F30053E6F6 /* CountiesModel.framework in Embed Frameworks */,
			);
			name = "Embed Frameworks";
			runOnlyForDeploymentPostprocessing = 0;
		};
/* End PBXCopyFilesBuildPhase section */

/* Begin PBXFileReference section */
		4800E58B23EC0A290059ABA8 /* PlatformHelpers.swift */ = {isa = PBXFileReference; lastKnownFileType = sourcecode.swift; path = PlatformHelpers.swift; sourceTree = "<group>"; };
		4800E59223EC0E000059ABA8 /* CountiesUI.framework */ = {isa = PBXFileReference; explicitFileType = wrapper.framework; includeInIndex = 0; path = CountiesUI.framework; sourceTree = BUILT_PRODUCTS_DIR; };
		4800E59423EC0E000059ABA8 /* CountiesUI.h */ = {isa = PBXFileReference; lastKnownFileType = sourcecode.c.h; path = CountiesUI.h; sourceTree = "<group>"; };
		4800E59523EC0E000059ABA8 /* Info-tvOS.plist */ = {isa = PBXFileReference; lastKnownFileType = text.plist.xml; path = "Info-tvOS.plist"; sourceTree = "<group>"; };
		4800E5CE23EC12A60059ABA8 /* CountiesModel.framework */ = {isa = PBXFileReference; explicitFileType = wrapper.framework; path = CountiesModel.framework; sourceTree = BUILT_PRODUCTS_DIR; };
		4800E5D523EC27840059ABA8 /* CountyViewController-tvOS.storyboard */ = {isa = PBXFileReference; lastKnownFileType = file.storyboard; path = "CountyViewController-tvOS.storyboard"; sourceTree = "<group>"; };
		482BC96E23EB27DB0053E6F6 /* CountiesUI.framework */ = {isa = PBXFileReference; explicitFileType = wrapper.framework; includeInIndex = 0; path = CountiesUI.framework; sourceTree = BUILT_PRODUCTS_DIR; };
		482BC97123EB27DB0053E6F6 /* CountiesUI.h */ = {isa = PBXFileReference; lastKnownFileType = sourcecode.c.h; path = CountiesUI.h; sourceTree = "<group>"; };
		482BC97223EB27DB0053E6F6 /* Info-iOS.plist */ = {isa = PBXFileReference; lastKnownFileType = text.plist.xml; path = "Info-iOS.plist"; sourceTree = "<group>"; };
		482BC97A23EB27F30053E6F6 /* CountiesModel.framework */ = {isa = PBXFileReference; explicitFileType = wrapper.framework; path = CountiesModel.framework; sourceTree = BUILT_PRODUCTS_DIR; };
		482BC98323EB28630053E6F6 /* CountiesUI.framework */ = {isa = PBXFileReference; explicitFileType = wrapper.framework; includeInIndex = 0; path = CountiesUI.framework; sourceTree = BUILT_PRODUCTS_DIR; };
		482BC98523EB28630053E6F6 /* CountiesUI.h */ = {isa = PBXFileReference; lastKnownFileType = sourcecode.c.h; path = CountiesUI.h; sourceTree = "<group>"; };
		482BC98623EB28630053E6F6 /* Info-watchOS.plist */ = {isa = PBXFileReference; lastKnownFileType = text.plist.xml; path = "Info-watchOS.plist"; sourceTree = "<group>"; };
		482BC9B523EB40450053E6F6 /* CountyViewController.storyboard */ = {isa = PBXFileReference; fileEncoding = 4; lastKnownFileType = file.storyboard; path = CountyViewController.storyboard; sourceTree = "<group>"; };
		482BC9B623EB40450053E6F6 /* CountyViewController.swift */ = {isa = PBXFileReference; fileEncoding = 4; lastKnownFileType = sourcecode.swift; path = CountyViewController.swift; sourceTree = "<group>"; };
		482BC9BB23EB41C50053E6F6 /* PillButton.swift */ = {isa = PBXFileReference; fileEncoding = 4; lastKnownFileType = sourcecode.swift; path = PillButton.swift; sourceTree = "<group>"; };
		482BC9BE23EB427C0053E6F6 /* Bundle+Extensions.swift */ = {isa = PBXFileReference; lastKnownFileType = sourcecode.swift; path = "Bundle+Extensions.swift"; sourceTree = "<group>"; };
		482BC9C123EB50420053E6F6 /* UIStoryboard+CountyViewController.swift */ = {isa = PBXFileReference; lastKnownFileType = sourcecode.swift; path = "UIStoryboard+CountyViewController.swift"; sourceTree = "<group>"; };
		482BC9D823EB57640053E6F6 /* EmptyCountiesNoticeView.swift */ = {isa = PBXFileReference; fileEncoding = 4; lastKnownFileType = sourcecode.swift; path = EmptyCountiesNoticeView.swift; sourceTree = "<group>"; };
		482BC9DA23EB57C30053E6F6 /* CountyCell.swift */ = {isa = PBXFileReference; fileEncoding = 4; lastKnownFileType = sourcecode.swift; path = CountyCell.swift; sourceTree = "<group>"; };
		482BC9DC23EB57FC0053E6F6 /* CountiesCollectionViewController.swift */ = {isa = PBXFileReference; fileEncoding = 4; lastKnownFileType = sourcecode.swift; path = CountiesCollectionViewController.swift; sourceTree = "<group>"; };
		482BC9DE23EB58110053E6F6 /* CountiesViewController.swift */ = {isa = PBXFileReference; fileEncoding = 4; lastKnownFileType = sourcecode.swift; path = CountiesViewController.swift; sourceTree = "<group>"; };
		485F2E1A24473E0700E67148 /* SectionHeaderSupplementaryView.swift */ = {isa = PBXFileReference; lastKnownFileType = sourcecode.swift; path = SectionHeaderSupplementaryView.swift; sourceTree = "<group>"; };
/* End PBXFileReference section */

/* Begin PBXFrameworksBuildPhase section */
		4800E58F23EC0E000059ABA8 /* Frameworks */ = {
			isa = PBXFrameworksBuildPhase;
			buildActionMask = 2147483647;
			files = (
				4800E5CF23EC12A60059ABA8 /* CountiesModel.framework in Frameworks */,
			);
			runOnlyForDeploymentPostprocessing = 0;
		};
		482BC96B23EB27DB0053E6F6 /* Frameworks */ = {
			isa = PBXFrameworksBuildPhase;
			buildActionMask = 2147483647;
			files = (
				482BC97B23EB27F30053E6F6 /* CountiesModel.framework in Frameworks */,
			);
			runOnlyForDeploymentPostprocessing = 0;
		};
		482BC98023EB28630053E6F6 /* Frameworks */ = {
			isa = PBXFrameworksBuildPhase;
			buildActionMask = 2147483647;
			files = (
			);
			runOnlyForDeploymentPostprocessing = 0;
		};
/* End PBXFrameworksBuildPhase section */

/* Begin PBXGroup section */
		4800E59323EC0E000059ABA8 /* CountiesUI tvOS */ = {
			isa = PBXGroup;
			children = (
				4800E59423EC0E000059ABA8 /* CountiesUI.h */,
				4800E59523EC0E000059ABA8 /* Info-tvOS.plist */,
			);
			path = "CountiesUI tvOS";
			sourceTree = "<group>";
		};
		482BC96423EB27DB0053E6F6 = {
			isa = PBXGroup;
			children = (
				482BC98B23EB29070053E6F6 /* Sources */,
				482BC97023EB27DB0053E6F6 /* CountiesUI iOS */,
				4800E59323EC0E000059ABA8 /* CountiesUI tvOS */,
				482BC98423EB28630053E6F6 /* CountiesUI watchOS */,
				482BC96F23EB27DB0053E6F6 /* Products */,
				482BC97923EB27F30053E6F6 /* Frameworks */,
			);
			sourceTree = "<group>";
		};
		482BC96F23EB27DB0053E6F6 /* Products */ = {
			isa = PBXGroup;
			children = (
				482BC96E23EB27DB0053E6F6 /* CountiesUI.framework */,
				482BC98323EB28630053E6F6 /* CountiesUI.framework */,
				4800E59223EC0E000059ABA8 /* CountiesUI.framework */,
			);
			name = Products;
			sourceTree = "<group>";
		};
		482BC97023EB27DB0053E6F6 /* CountiesUI iOS */ = {
			isa = PBXGroup;
			children = (
				482BC97123EB27DB0053E6F6 /* CountiesUI.h */,
				482BC97223EB27DB0053E6F6 /* Info-iOS.plist */,
			);
			path = "CountiesUI iOS";
			sourceTree = "<group>";
		};
		482BC97923EB27F30053E6F6 /* Frameworks */ = {
			isa = PBXGroup;
			children = (
				4800E5CE23EC12A60059ABA8 /* CountiesModel.framework */,
				482BC97A23EB27F30053E6F6 /* CountiesModel.framework */,
			);
			name = Frameworks;
			sourceTree = "<group>";
		};
		482BC98423EB28630053E6F6 /* CountiesUI watchOS */ = {
			isa = PBXGroup;
			children = (
				482BC98523EB28630053E6F6 /* CountiesUI.h */,
				482BC98623EB28630053E6F6 /* Info-watchOS.plist */,
			);
			path = "CountiesUI watchOS";
			sourceTree = "<group>";
		};
		482BC98B23EB29070053E6F6 /* Sources */ = {
			isa = PBXGroup;
			children = (
				482BC9BA23EB41AD0053E6F6 /* Controls */,
				482BC9B423EB402D0053E6F6 /* County Details */,
				482BC9D723EB57330053E6F6 /* County Menu */,
				482BC9BD23EB42640053E6F6 /* Extensions */,
				4800E58B23EC0A290059ABA8 /* PlatformHelpers.swift */,
			);
			path = Sources;
			sourceTree = "<group>";
		};
		482BC9B423EB402D0053E6F6 /* County Details */ = {
			isa = PBXGroup;
			children = (
				482BC9B623EB40450053E6F6 /* CountyViewController.swift */,
				482BC9B523EB40450053E6F6 /* CountyViewController.storyboard */,
				4800E5D523EC27840059ABA8 /* CountyViewController-tvOS.storyboard */,
				482BC9C123EB50420053E6F6 /* UIStoryboard+CountyViewController.swift */,
			);
			path = "County Details";
			sourceTree = "<group>";
		};
		482BC9BA23EB41AD0053E6F6 /* Controls */ = {
			isa = PBXGroup;
			children = (
				482BC9BB23EB41C50053E6F6 /* PillButton.swift */,
			);
			path = Controls;
			sourceTree = "<group>";
		};
		482BC9BD23EB42640053E6F6 /* Extensions */ = {
			isa = PBXGroup;
			children = (
				482BC9BE23EB427C0053E6F6 /* Bundle+Extensions.swift */,
			);
			path = Extensions;
			sourceTree = "<group>";
		};
		482BC9D723EB57330053E6F6 /* County Menu */ = {
			isa = PBXGroup;
			children = (
				482BC9DC23EB57FC0053E6F6 /* CountiesCollectionViewController.swift */,
				482BC9DE23EB58110053E6F6 /* CountiesViewController.swift */,
				482BC9DA23EB57C30053E6F6 /* CountyCell.swift */,
				482BC9D823EB57640053E6F6 /* EmptyCountiesNoticeView.swift */,
				485F2E1A24473E0700E67148 /* SectionHeaderSupplementaryView.swift */,
			);
			path = "County Menu";
			sourceTree = "<group>";
		};
/* End PBXGroup section */

/* Begin PBXHeadersBuildPhase section */
		4800E58D23EC0E000059ABA8 /* Headers */ = {
			isa = PBXHeadersBuildPhase;
			buildActionMask = 2147483647;
			files = (
				4800E59623EC0E000059ABA8 /* CountiesUI.h in Headers */,
			);
			runOnlyForDeploymentPostprocessing = 0;
		};
		482BC96923EB27DB0053E6F6 /* Headers */ = {
			isa = PBXHeadersBuildPhase;
			buildActionMask = 2147483647;
			files = (
				482BC97323EB27DB0053E6F6 /* CountiesUI.h in Headers */,
			);
			runOnlyForDeploymentPostprocessing = 0;
		};
		482BC97E23EB28630053E6F6 /* Headers */ = {
			isa = PBXHeadersBuildPhase;
			buildActionMask = 2147483647;
			files = (
				482BC98723EB28630053E6F6 /* CountiesUI.h in Headers */,
			);
			runOnlyForDeploymentPostprocessing = 0;
		};
/* End PBXHeadersBuildPhase section */

/* Begin PBXNativeTarget section */
		4800E59123EC0E000059ABA8 /* CountiesUI tvOS */ = {
			isa = PBXNativeTarget;
			buildConfigurationList = 4800E59723EC0E000059ABA8 /* Build configuration list for PBXNativeTarget "CountiesUI tvOS" */;
			buildPhases = (
				4800E58D23EC0E000059ABA8 /* Headers */,
				4800E58E23EC0E000059ABA8 /* Sources */,
				4800E58F23EC0E000059ABA8 /* Frameworks */,
				4800E59023EC0E000059ABA8 /* Resources */,
				4800E5D123EC12A60059ABA8 /* Embed Frameworks */,
			);
			buildRules = (
			);
			dependencies = (
			);
			name = "CountiesUI tvOS";
			productName = "CountiesUI tvOS";
			productReference = 4800E59223EC0E000059ABA8 /* CountiesUI.framework */;
			productType = "com.apple.product-type.framework";
		};
		482BC96D23EB27DB0053E6F6 /* CountiesUI iOS */ = {
			isa = PBXNativeTarget;
			buildConfigurationList = 482BC97623EB27DB0053E6F6 /* Build configuration list for PBXNativeTarget "CountiesUI iOS" */;
			buildPhases = (
				482BC96923EB27DB0053E6F6 /* Headers */,
				482BC96A23EB27DB0053E6F6 /* Sources */,
				482BC96B23EB27DB0053E6F6 /* Frameworks */,
				482BC96C23EB27DB0053E6F6 /* Resources */,
				482BC97D23EB27F30053E6F6 /* Embed Frameworks */,
			);
			buildRules = (
			);
			dependencies = (
			);
			name = "CountiesUI iOS";
			productName = CountiesUI;
			productReference = 482BC96E23EB27DB0053E6F6 /* CountiesUI.framework */;
			productType = "com.apple.product-type.framework";
		};
		482BC98223EB28630053E6F6 /* CountiesUI watchOS */ = {
			isa = PBXNativeTarget;
			buildConfigurationList = 482BC98823EB28630053E6F6 /* Build configuration list for PBXNativeTarget "CountiesUI watchOS" */;
			buildPhases = (
				482BC97E23EB28630053E6F6 /* Headers */,
				482BC97F23EB28630053E6F6 /* Sources */,
				482BC98023EB28630053E6F6 /* Frameworks */,
				482BC98123EB28630053E6F6 /* Resources */,
			);
			buildRules = (
			);
			dependencies = (
			);
			name = "CountiesUI watchOS";
			productName = "CountiesUI watchOS";
			productReference = 482BC98323EB28630053E6F6 /* CountiesUI.framework */;
			productType = "com.apple.product-type.framework";
		};
/* End PBXNativeTarget section */

/* Begin PBXProject section */
		482BC96523EB27DB0053E6F6 /* Project object */ = {
			isa = PBXProject;
			attributes = {
				LastUpgradeCheck = 1130;
				ORGANIZATIONNAME = "Darjeeling Apps";
				TargetAttributes = {
					4800E59123EC0E000059ABA8 = {
						CreatedOnToolsVersion = 11.3;
					};
					482BC96D23EB27DB0053E6F6 = {
						CreatedOnToolsVersion = 11.3;
						LastSwiftMigration = 1130;
					};
					482BC98223EB28630053E6F6 = {
						CreatedOnToolsVersion = 11.3;
						LastSwiftMigration = 1130;
					};
				};
			};
			buildConfigurationList = 482BC96823EB27DB0053E6F6 /* Build configuration list for PBXProject "CountiesUI" */;
			compatibilityVersion = "Xcode 9.3";
			developmentRegion = en;
			hasScannedForEncodings = 0;
			knownRegions = (
				en,
				Base,
			);
			mainGroup = 482BC96423EB27DB0053E6F6;
			productRefGroup = 482BC96F23EB27DB0053E6F6 /* Products */;
			projectDirPath = "";
			projectRoot = "";
			targets = (
				482BC96D23EB27DB0053E6F6 /* CountiesUI iOS */,
				4800E59123EC0E000059ABA8 /* CountiesUI tvOS */,
				482BC98223EB28630053E6F6 /* CountiesUI watchOS */,
			);
		};
/* End PBXProject section */

/* Begin PBXResourcesBuildPhase section */
		4800E59023EC0E000059ABA8 /* Resources */ = {
			isa = PBXResourcesBuildPhase;
			buildActionMask = 2147483647;
			files = (
				4800E5D623EC27840059ABA8 /* CountyViewController-tvOS.storyboard in Resources */,
			);
			runOnlyForDeploymentPostprocessing = 0;
		};
		482BC96C23EB27DB0053E6F6 /* Resources */ = {
			isa = PBXResourcesBuildPhase;
			buildActionMask = 2147483647;
			files = (
				482BC9B723EB40450053E6F6 /* CountyViewController.storyboard in Resources */,
			);
			runOnlyForDeploymentPostprocessing = 0;
		};
		482BC98123EB28630053E6F6 /* Resources */ = {
			isa = PBXResourcesBuildPhase;
			buildActionMask = 2147483647;
			files = (
			);
			runOnlyForDeploymentPostprocessing = 0;
		};
/* End PBXResourcesBuildPhase section */

/* Begin PBXSourcesBuildPhase section */
		4800E58E23EC0E000059ABA8 /* Sources */ = {
			isa = PBXSourcesBuildPhase;
			buildActionMask = 2147483647;
			files = (
				4800E5B323EC113B0059ABA8 /* CountiesCollectionViewController.swift in Sources */,
				485F2E1C24473E0700E67148 /* SectionHeaderSupplementaryView.swift in Sources */,
				4800E5B823EC114C0059ABA8 /* PlatformHelpers.swift in Sources */,
				4800E5B523EC113F0059ABA8 /* CountyCell.swift in Sources */,
				4800E5B423EC113D0059ABA8 /* CountiesViewController.swift in Sources */,
				4800E5B723EC11490059ABA8 /* Bundle+Extensions.swift in Sources */,
				4800E5B223EC112C0059ABA8 /* CountyViewController.swift in Sources */,
				4800E5B623EC11420059ABA8 /* EmptyCountiesNoticeView.swift in Sources */,
			);
			runOnlyForDeploymentPostprocessing = 0;
		};
		482BC96A23EB27DB0053E6F6 /* Sources */ = {
			isa = PBXSourcesBuildPhase;
			buildActionMask = 2147483647;
			files = (
				482BC9DF23EB58110053E6F6 /* CountiesViewController.swift in Sources */,
				485F2E1B24473E0700E67148 /* SectionHeaderSupplementaryView.swift in Sources */,
				482BC9C223EB50420053E6F6 /* UIStoryboard+CountyViewController.swift in Sources */,
				482BC9BC23EB41C50053E6F6 /* PillButton.swift in Sources */,
				482BC9B823EB40450053E6F6 /* CountyViewController.swift in Sources */,
				482BC9BF23EB427C0053E6F6 /* Bundle+Extensions.swift in Sources */,
				4800E58C23EC0A290059ABA8 /* PlatformHelpers.swift in Sources */,
				482BC9DD23EB57FC0053E6F6 /* CountiesCollectionViewController.swift in Sources */,
				482BC9D923EB57640053E6F6 /* EmptyCountiesNoticeView.swift in Sources */,
				482BC9DB23EB57C30053E6F6 /* CountyCell.swift in Sources */,
			);
			runOnlyForDeploymentPostprocessing = 0;
		};
		482BC97F23EB28630053E6F6 /* Sources */ = {
			isa = PBXSourcesBuildPhase;
			buildActionMask = 2147483647;
			files = (
			);
			runOnlyForDeploymentPostprocessing = 0;
		};
/* End PBXSourcesBuildPhase section */

/* Begin XCBuildConfiguration section */
		4800E59823EC0E000059ABA8 /* Debug */ = {
			isa = XCBuildConfiguration;
			buildSettings = {
				CODE_SIGN_STYLE = Automatic;
				DEFINES_MODULE = YES;
				DYLIB_COMPATIBILITY_VERSION = 1;
				DYLIB_CURRENT_VERSION = 1;
				DYLIB_INSTALL_NAME_BASE = "@rpath";
				INFOPLIST_FILE = "CountiesUI tvOS/Info-tvOS.plist";
				INSTALL_PATH = "$(LOCAL_LIBRARY_DIR)/Frameworks";
				LD_RUNPATH_SEARCH_PATHS = (
					"$(inherited)",
					"@executable_path/Frameworks",
					"@loader_path/Frameworks",
				);
				PRODUCT_BUNDLE_IDENTIFIER = "com.darjeeling.CountiesUI-tvOS";
				PRODUCT_NAME = CountiesUI;
				SDKROOT = appletvos;
				SKIP_INSTALL = YES;
				SWIFT_VERSION = 5.0;
				TARGETED_DEVICE_FAMILY = 3;
				TVOS_DEPLOYMENT_TARGET = 13.0;
			};
			name = Debug;
		};
		4800E59923EC0E000059ABA8 /* Release */ = {
			isa = XCBuildConfiguration;
			buildSettings = {
				CODE_SIGN_STYLE = Automatic;
				DEFINES_MODULE = YES;
				DYLIB_COMPATIBILITY_VERSION = 1;
				DYLIB_CURRENT_VERSION = 1;
				DYLIB_INSTALL_NAME_BASE = "@rpath";
				INFOPLIST_FILE = "CountiesUI tvOS/Info-tvOS.plist";
				INSTALL_PATH = "$(LOCAL_LIBRARY_DIR)/Frameworks";
				LD_RUNPATH_SEARCH_PATHS = (
					"$(inherited)",
					"@executable_path/Frameworks",
					"@loader_path/Frameworks",
				);
				PRODUCT_BUNDLE_IDENTIFIER = "com.darjeeling.CountiesUI-tvOS";
				PRODUCT_NAME = CountiesUI;
				SDKROOT = appletvos;
				SKIP_INSTALL = YES;
				SWIFT_VERSION = 5.0;
				TARGETED_DEVICE_FAMILY = 3;
				TVOS_DEPLOYMENT_TARGET = 13.0;
			};
			name = Release;
		};
		482BC97423EB27DB0053E6F6 /* Debug */ = {
			isa = XCBuildConfiguration;
			buildSettings = {
				ALWAYS_SEARCH_USER_PATHS = NO;
				CLANG_ANALYZER_NONNULL = YES;
				CLANG_ANALYZER_NUMBER_OBJECT_CONVERSION = YES_AGGRESSIVE;
				CLANG_CXX_LANGUAGE_STANDARD = "gnu++14";
				CLANG_CXX_LIBRARY = "libc++";
				CLANG_ENABLE_MODULES = YES;
				CLANG_ENABLE_OBJC_ARC = YES;
				CLANG_ENABLE_OBJC_WEAK = YES;
				CLANG_WARN_BLOCK_CAPTURE_AUTORELEASING = YES;
				CLANG_WARN_BOOL_CONVERSION = YES;
				CLANG_WARN_COMMA = YES;
				CLANG_WARN_CONSTANT_CONVERSION = YES;
				CLANG_WARN_DEPRECATED_OBJC_IMPLEMENTATIONS = YES;
				CLANG_WARN_DIRECT_OBJC_ISA_USAGE = YES_ERROR;
				CLANG_WARN_DOCUMENTATION_COMMENTS = YES;
				CLANG_WARN_EMPTY_BODY = YES;
				CLANG_WARN_ENUM_CONVERSION = YES;
				CLANG_WARN_INFINITE_RECURSION = YES;
				CLANG_WARN_INT_CONVERSION = YES;
				CLANG_WARN_NON_LITERAL_NULL_CONVERSION = YES;
				CLANG_WARN_OBJC_IMPLICIT_RETAIN_SELF = YES;
				CLANG_WARN_OBJC_LITERAL_CONVERSION = YES;
				CLANG_WARN_OBJC_ROOT_CLASS = YES_ERROR;
				CLANG_WARN_RANGE_LOOP_ANALYSIS = YES;
				CLANG_WARN_STRICT_PROTOTYPES = YES;
				CLANG_WARN_SUSPICIOUS_MOVE = YES;
				CLANG_WARN_UNGUARDED_AVAILABILITY = YES_AGGRESSIVE;
				CLANG_WARN_UNREACHABLE_CODE = YES;
				CLANG_WARN__DUPLICATE_METHOD_MATCH = YES;
				COPY_PHASE_STRIP = NO;
				CURRENT_PROJECT_VERSION = 1;
				DEBUG_INFORMATION_FORMAT = dwarf;
				ENABLE_STRICT_OBJC_MSGSEND = YES;
				ENABLE_TESTABILITY = YES;
				GCC_C_LANGUAGE_STANDARD = gnu11;
				GCC_DYNAMIC_NO_PIC = NO;
				GCC_NO_COMMON_BLOCKS = YES;
				GCC_OPTIMIZATION_LEVEL = 0;
				GCC_PREPROCESSOR_DEFINITIONS = (
					"DEBUG=1",
					"$(inherited)",
				);
				GCC_WARN_64_TO_32_BIT_CONVERSION = YES;
				GCC_WARN_ABOUT_RETURN_TYPE = YES_ERROR;
				GCC_WARN_UNDECLARED_SELECTOR = YES;
				GCC_WARN_UNINITIALIZED_AUTOS = YES_AGGRESSIVE;
				GCC_WARN_UNUSED_FUNCTION = YES;
				GCC_WARN_UNUSED_VARIABLE = YES;
				IPHONEOS_DEPLOYMENT_TARGET = 13.2;
				MTL_ENABLE_DEBUG_INFO = INCLUDE_SOURCE;
				MTL_FAST_MATH = YES;
				ONLY_ACTIVE_ARCH = YES;
				SDKROOT = iphoneos;
				SWIFT_ACTIVE_COMPILATION_CONDITIONS = DEBUG;
				SWIFT_OPTIMIZATION_LEVEL = "-Onone";
				VERSIONING_SYSTEM = "apple-generic";
				VERSION_INFO_PREFIX = "";
			};
			name = Debug;
		};
		482BC97523EB27DB0053E6F6 /* Release */ = {
			isa = XCBuildConfiguration;
			buildSettings = {
				ALWAYS_SEARCH_USER_PATHS = NO;
				CLANG_ANALYZER_NONNULL = YES;
				CLANG_ANALYZER_NUMBER_OBJECT_CONVERSION = YES_AGGRESSIVE;
				CLANG_CXX_LANGUAGE_STANDARD = "gnu++14";
				CLANG_CXX_LIBRARY = "libc++";
				CLANG_ENABLE_MODULES = YES;
				CLANG_ENABLE_OBJC_ARC = YES;
				CLANG_ENABLE_OBJC_WEAK = YES;
				CLANG_WARN_BLOCK_CAPTURE_AUTORELEASING = YES;
				CLANG_WARN_BOOL_CONVERSION = YES;
				CLANG_WARN_COMMA = YES;
				CLANG_WARN_CONSTANT_CONVERSION = YES;
				CLANG_WARN_DEPRECATED_OBJC_IMPLEMENTATIONS = YES;
				CLANG_WARN_DIRECT_OBJC_ISA_USAGE = YES_ERROR;
				CLANG_WARN_DOCUMENTATION_COMMENTS = YES;
				CLANG_WARN_EMPTY_BODY = YES;
				CLANG_WARN_ENUM_CONVERSION = YES;
				CLANG_WARN_INFINITE_RECURSION = YES;
				CLANG_WARN_INT_CONVERSION = YES;
				CLANG_WARN_NON_LITERAL_NULL_CONVERSION = YES;
				CLANG_WARN_OBJC_IMPLICIT_RETAIN_SELF = YES;
				CLANG_WARN_OBJC_LITERAL_CONVERSION = YES;
				CLANG_WARN_OBJC_ROOT_CLASS = YES_ERROR;
				CLANG_WARN_RANGE_LOOP_ANALYSIS = YES;
				CLANG_WARN_STRICT_PROTOTYPES = YES;
				CLANG_WARN_SUSPICIOUS_MOVE = YES;
				CLANG_WARN_UNGUARDED_AVAILABILITY = YES_AGGRESSIVE;
				CLANG_WARN_UNREACHABLE_CODE = YES;
				CLANG_WARN__DUPLICATE_METHOD_MATCH = YES;
				COPY_PHASE_STRIP = NO;
				CURRENT_PROJECT_VERSION = 1;
				DEBUG_INFORMATION_FORMAT = "dwarf-with-dsym";
				ENABLE_NS_ASSERTIONS = NO;
				ENABLE_STRICT_OBJC_MSGSEND = YES;
				GCC_C_LANGUAGE_STANDARD = gnu11;
				GCC_NO_COMMON_BLOCKS = YES;
				GCC_WARN_64_TO_32_BIT_CONVERSION = YES;
				GCC_WARN_ABOUT_RETURN_TYPE = YES_ERROR;
				GCC_WARN_UNDECLARED_SELECTOR = YES;
				GCC_WARN_UNINITIALIZED_AUTOS = YES_AGGRESSIVE;
				GCC_WARN_UNUSED_FUNCTION = YES;
				GCC_WARN_UNUSED_VARIABLE = YES;
				IPHONEOS_DEPLOYMENT_TARGET = 13.2;
				MTL_ENABLE_DEBUG_INFO = NO;
				MTL_FAST_MATH = YES;
				SDKROOT = iphoneos;
				SWIFT_COMPILATION_MODE = wholemodule;
				SWIFT_OPTIMIZATION_LEVEL = "-O";
				VALIDATE_PRODUCT = YES;
				VERSIONING_SYSTEM = "apple-generic";
				VERSION_INFO_PREFIX = "";
			};
			name = Release;
		};
		482BC97723EB27DB0053E6F6 /* Debug */ = {
			isa = XCBuildConfiguration;
			buildSettings = {
				CLANG_ENABLE_MODULES = YES;
				CODE_SIGN_STYLE = Automatic;
				DEFINES_MODULE = YES;
				DYLIB_COMPATIBILITY_VERSION = 1;
				DYLIB_CURRENT_VERSION = 1;
				DYLIB_INSTALL_NAME_BASE = "@rpath";
				INFOPLIST_FILE = "CountiesUI iOS/Info-iOS.plist";
				INSTALL_PATH = "$(LOCAL_LIBRARY_DIR)/Frameworks";
				IPHONEOS_DEPLOYMENT_TARGET = 13.0;
				LD_RUNPATH_SEARCH_PATHS = (
					"$(inherited)",
					"@executable_path/Frameworks",
					"@loader_path/Frameworks",
				);
				PRODUCT_BUNDLE_IDENTIFIER = "com.darjeeling.CountiesUI-iOS";
				PRODUCT_NAME = CountiesUI;
				SKIP_INSTALL = YES;
				SUPPORTS_MACCATALYST = NO;
				SWIFT_OPTIMIZATION_LEVEL = "-Onone";
				SWIFT_VERSION = 5.0;
				TARGETED_DEVICE_FAMILY = "1,2";
			};
			name = Debug;
		};
		482BC97823EB27DB0053E6F6 /* Release */ = {
			isa = XCBuildConfiguration;
			buildSettings = {
				CLANG_ENABLE_MODULES = YES;
				CODE_SIGN_STYLE = Automatic;
				DEFINES_MODULE = YES;
				DYLIB_COMPATIBILITY_VERSION = 1;
				DYLIB_CURRENT_VERSION = 1;
				DYLIB_INSTALL_NAME_BASE = "@rpath";
				INFOPLIST_FILE = "CountiesUI iOS/Info-iOS.plist";
				INSTALL_PATH = "$(LOCAL_LIBRARY_DIR)/Frameworks";
				IPHONEOS_DEPLOYMENT_TARGET = 13.0;
				LD_RUNPATH_SEARCH_PATHS = (
					"$(inherited)",
					"@executable_path/Frameworks",
					"@loader_path/Frameworks",
				);
				PRODUCT_BUNDLE_IDENTIFIER = "com.darjeeling.CountiesUI-iOS";
				PRODUCT_NAME = CountiesUI;
				SKIP_INSTALL = YES;
				SUPPORTS_MACCATALYST = NO;
				SWIFT_VERSION = 5.0;
				TARGETED_DEVICE_FAMILY = "1,2";
			};
			name = Release;
		};
		482BC98923EB28630053E6F6 /* Debug */ = {
			isa = XCBuildConfiguration;
			buildSettings = {
				APPLICATION_EXTENSION_API_ONLY = YES;
				CLANG_ENABLE_MODULES = YES;
				CODE_SIGN_STYLE = Automatic;
				DEFINES_MODULE = YES;
				DYLIB_COMPATIBILITY_VERSION = 1;
				DYLIB_CURRENT_VERSION = 1;
				DYLIB_INSTALL_NAME_BASE = "@rpath";
				INFOPLIST_FILE = "CountiesUI watchOS/Info-watchOS.plist";
				INSTALL_PATH = "$(LOCAL_LIBRARY_DIR)/Frameworks";
				LD_RUNPATH_SEARCH_PATHS = (
					"$(inherited)",
					"@executable_path/Frameworks",
					"@loader_path/Frameworks",
				);
				PRODUCT_BUNDLE_IDENTIFIER = "com.darjeeling.CountiesUI-watchOS";
				PRODUCT_NAME = CountiesUI;
				SDKROOT = watchos;
				SKIP_INSTALL = YES;
				SWIFT_OPTIMIZATION_LEVEL = "-Onone";
				SWIFT_VERSION = 5.0;
				TARGETED_DEVICE_FAMILY = 4;
				WATCHOS_DEPLOYMENT_TARGET = 6.0;
			};
			name = Debug;
		};
		482BC98A23EB28630053E6F6 /* Release */ = {
			isa = XCBuildConfiguration;
			buildSettings = {
				APPLICATION_EXTENSION_API_ONLY = YES;
				CLANG_ENABLE_MODULES = YES;
				CODE_SIGN_STYLE = Automatic;
				DEFINES_MODULE = YES;
				DYLIB_COMPATIBILITY_VERSION = 1;
				DYLIB_CURRENT_VERSION = 1;
				DYLIB_INSTALL_NAME_BASE = "@rpath";
				INFOPLIST_FILE = "CountiesUI watchOS/Info-watchOS.plist";
				INSTALL_PATH = "$(LOCAL_LIBRARY_DIR)/Frameworks";
				LD_RUNPATH_SEARCH_PATHS = (
					"$(inherited)",
					"@executable_path/Frameworks",
					"@loader_path/Frameworks",
				);
				PRODUCT_BUNDLE_IDENTIFIER = "com.darjeeling.CountiesUI-watchOS";
				PRODUCT_NAME = CountiesUI;
				SDKROOT = watchos;
				SKIP_INSTALL = YES;
				SWIFT_VERSION = 5.0;
				TARGETED_DEVICE_FAMILY = 4;
				WATCHOS_DEPLOYMENT_TARGET = 6.0;
			};
			name = Release;
		};
/* End XCBuildConfiguration section */

/* Begin XCConfigurationList section */
		4800E59723EC0E000059ABA8 /* Build configuration list for PBXNativeTarget "CountiesUI tvOS" */ = {
			isa = XCConfigurationList;
			buildConfigurations = (
				4800E59823EC0E000059ABA8 /* Debug */,
				4800E59923EC0E000059ABA8 /* Release */,
			);
			defaultConfigurationIsVisible = 0;
			defaultConfigurationName = Release;
		};
		482BC96823EB27DB0053E6F6 /* Build configuration list for PBXProject "CountiesUI" */ = {
			isa = XCConfigurationList;
			buildConfigurations = (
				482BC97423EB27DB0053E6F6 /* Debug */,
				482BC97523EB27DB0053E6F6 /* Release */,
			);
			defaultConfigurationIsVisible = 0;
			defaultConfigurationName = Release;
		};
		482BC97623EB27DB0053E6F6 /* Build configuration list for PBXNativeTarget "CountiesUI iOS" */ = {
			isa = XCConfigurationList;
			buildConfigurations = (
				482BC97723EB27DB0053E6F6 /* Debug */,
				482BC97823EB27DB0053E6F6 /* Release */,
			);
			defaultConfigurationIsVisible = 0;
			defaultConfigurationName = Release;
		};
		482BC98823EB28630053E6F6 /* Build configuration list for PBXNativeTarget "CountiesUI watchOS" */ = {
			isa = XCConfigurationList;
			buildConfigurations = (
				482BC98923EB28630053E6F6 /* Debug */,
				482BC98A23EB28630053E6F6 /* Release */,
			);
			defaultConfigurationIsVisible = 0;
			defaultConfigurationName = Release;
		};
/* End XCConfigurationList section */
	};
	rootObject = 482BC96523EB27DB0053E6F6 /* Project object */;
}
