// !$*UTF8*$!
{
	archiveVersion = 1;
	classes = {
	};
	objectVersion = 46;
	objects = {

/* Begin PBXBuildFile section */
		480F4FEC1DD346CA00159C06 /* SpotlightSearchController.swift in Sources */ = {isa = PBXBuildFile; fileRef = 480F4FEB1DD346CA00159C06 /* SpotlightSearchController.swift */; };
		482CDE061DD121D500ACB70B /* SpotlightQueryContinuationHandler.swift in Sources */ = {isa = PBXBuildFile; fileRef = 482CDE051DD121D500ACB70B /* SpotlightQueryContinuationHandler.swift */; };
		483523AF1C885F42003DA4D7 /* ApplicationShortcutHandler.swift in Sources */ = {isa = PBXBuildFile; fileRef = 483523AE1C885F42003DA4D7 /* ApplicationShortcutHandler.swift */; };
		4893662523D5FD1B00BD781D /* FavouritesController.swift in Sources */ = {isa = PBXBuildFile; fileRef = 4893662423D5FD1B00BD781D /* FavouritesController.swift */; };
		4893663523D609CB00BD781D /* FavouritesControllerTests.swift in Sources */ = {isa = PBXBuildFile; fileRef = 4893663423D609CB00BD781D /* FavouritesControllerTests.swift */; };
		4893663823E88D7000BD781D /* EmptyCountiesNoticeView.swift in Sources */ = {isa = PBXBuildFile; fileRef = 4893663723E88D7000BD781D /* EmptyCountiesNoticeView.swift */; };
		4893663A23E8A10A00BD781D /* CountiesCollectionViewController.swift in Sources */ = {isa = PBXBuildFile; fileRef = 4893663923E8A10A00BD781D /* CountiesCollectionViewController.swift */; };
		48ABDFAD1C2063D70078391A /* AppDelegate.swift in Sources */ = {isa = PBXBuildFile; fileRef = 48ABDFAC1C2063D70078391A /* AppDelegate.swift */; };
		48ABDFAF1C2063D70078391A /* CountiesViewController.swift in Sources */ = {isa = PBXBuildFile; fileRef = 48ABDFAE1C2063D70078391A /* CountiesViewController.swift */; };
		48ABDFB21C2063D70078391A /* Main.storyboard in Resources */ = {isa = PBXBuildFile; fileRef = 48ABDFB01C2063D70078391A /* Main.storyboard */; };
		48ABDFB41C2063D70078391A /* Assets.xcassets in Resources */ = {isa = PBXBuildFile; fileRef = 48ABDFB31C2063D70078391A /* Assets.xcassets */; };
		48ABDFB71C2063D70078391A /* LaunchScreen.storyboard in Resources */ = {isa = PBXBuildFile; fileRef = 48ABDFB51C2063D70078391A /* LaunchScreen.storyboard */; };
		48ABDFC01C2069370078391A /* Counties.plist in Resources */ = {isa = PBXBuildFile; fileRef = 48ABDFBF1C2069370078391A /* Counties.plist */; };
		48ABDFC21C206A0B0078391A /* County.swift in Sources */ = {isa = PBXBuildFile; fileRef = 48ABDFC11C206A0B0078391A /* County.swift */; };
		48ABDFC41C209E2F0078391A /* CountyCell.swift in Sources */ = {isa = PBXBuildFile; fileRef = 48ABDFC31C209E2F0078391A /* CountyCell.swift */; };
		48B7F6F71C21ACA9009BFC45 /* CountyViewController.swift in Sources */ = {isa = PBXBuildFile; fileRef = 48B7F6F61C21ACA9009BFC45 /* CountyViewController.swift */; };
		48C7177223AA791C005D80C6 /* MasterSceneDelegate.swift in Sources */ = {isa = PBXBuildFile; fileRef = 48C7177123AA791C005D80C6 /* MasterSceneDelegate.swift */; };
		48C7177823AA9689005D80C6 /* CountyViewController.storyboard in Resources */ = {isa = PBXBuildFile; fileRef = 48C7177623AA9689005D80C6 /* CountyViewController.storyboard */; };
		48C7177A23AAAB8D005D80C6 /* CountySceneDelegate.swift in Sources */ = {isa = PBXBuildFile; fileRef = 48C7177923AAAB8D005D80C6 /* CountySceneDelegate.swift */; };
		48C7177C23AB7E3A005D80C6 /* County+NSUserActivity.swift in Sources */ = {isa = PBXBuildFile; fileRef = 48C7177B23AB7E3A005D80C6 /* County+NSUserActivity.swift */; };
		48C7177D23AB7EF2005D80C6 /* County+NSUserActivity.swift in Sources */ = {isa = PBXBuildFile; fileRef = 48C7177B23AB7E3A005D80C6 /* County+NSUserActivity.swift */; };
		48C7178023ACDFC2005D80C6 /* PillButton.swift in Sources */ = {isa = PBXBuildFile; fileRef = 48C7177F23ACDFC2005D80C6 /* PillButton.swift */; };
		48E8A9741C56AF9B004B1F2E /* SpotlightController.swift in Sources */ = {isa = PBXBuildFile; fileRef = 48E8A9731C56AF9B004B1F2E /* SpotlightController.swift */; };
		B63120FF1C60D69F0063E975 /* Interface.storyboard in Resources */ = {isa = PBXBuildFile; fileRef = B63120FD1C60D69F0063E975 /* Interface.storyboard */; };
		B63121011C60D69F0063E975 /* Assets.xcassets in Resources */ = {isa = PBXBuildFile; fileRef = B63121001C60D69F0063E975 /* Assets.xcassets */; };
		B63121081C60D69F0063E975 /* Counties Extension.appex in Embed App Extensions */ = {isa = PBXBuildFile; fileRef = B63121071C60D69F0063E975 /* Counties Extension.appex */; settings = {ATTRIBUTES = (RemoveHeadersOnCopy, ); }; };
		B631210D1C60D69F0063E975 /* InterfaceController.swift in Sources */ = {isa = PBXBuildFile; fileRef = B631210C1C60D69F0063E975 /* InterfaceController.swift */; };
		B631210F1C60D69F0063E975 /* ExtensionDelegate.swift in Sources */ = {isa = PBXBuildFile; fileRef = B631210E1C60D69F0063E975 /* ExtensionDelegate.swift */; };
		B63121111C60D69F0063E975 /* Assets.xcassets in Resources */ = {isa = PBXBuildFile; fileRef = B63121101C60D69F0063E975 /* Assets.xcassets */; };
		B63121151C60D69F0063E975 /* Counties (watchOS).app in Embed Watch Content */ = {isa = PBXBuildFile; fileRef = B63120FB1C60D69F0063E975 /* Counties (watchOS).app */; };
		B631211F1C60D6B70063E975 /* County.swift in Sources */ = {isa = PBXBuildFile; fileRef = 48ABDFC11C206A0B0078391A /* County.swift */; };
		B63121211C60D6D80063E975 /* CountyRowController.swift in Sources */ = {isa = PBXBuildFile; fileRef = B63121201C60D6D80063E975 /* CountyRowController.swift */; };
		B63121221C60D8450063E975 /* Counties.plist in Resources */ = {isa = PBXBuildFile; fileRef = 48ABDFBF1C2069370078391A /* Counties.plist */; };
		B63121241C60DC870063E975 /* CountyInterfaceController.swift in Sources */ = {isa = PBXBuildFile; fileRef = B63121231C60DC870063E975 /* CountyInterfaceController.swift */; };
		B63121271C60ED980063E975 /* HandoffConstants.swift in Sources */ = {isa = PBXBuildFile; fileRef = B63121261C60ED980063E975 /* HandoffConstants.swift */; };
		B63121281C60ED980063E975 /* HandoffConstants.swift in Sources */ = {isa = PBXBuildFile; fileRef = B63121261C60ED980063E975 /* HandoffConstants.swift */; };
		B631212A1C60F0190063E975 /* HandoffController.swift in Sources */ = {isa = PBXBuildFile; fileRef = B63121291C60F0190063E975 /* HandoffController.swift */; };
		B631212C1C60F51B0063E975 /* UserActivityHandling.swift in Sources */ = {isa = PBXBuildFile; fileRef = B631212B1C60F51B0063E975 /* UserActivityHandling.swift */; };
		B684588D1C84818B00EE6096 /* CountyHistory.swift in Sources */ = {isa = PBXBuildFile; fileRef = B684588C1C84818B00EE6096 /* CountyHistory.swift */; };
/* End PBXBuildFile section */

/* Begin PBXContainerItemProxy section */
		4893662F23D609B100BD781D /* PBXContainerItemProxy */ = {
			isa = PBXContainerItemProxy;
			containerPortal = 48ABDFA11C2063D70078391A /* Project object */;
			proxyType = 1;
			remoteGlobalIDString = 48ABDFA81C2063D70078391A;
			remoteInfo = Counties;
		};
		B63121091C60D69F0063E975 /* PBXContainerItemProxy */ = {
			isa = PBXContainerItemProxy;
			containerPortal = 48ABDFA11C2063D70078391A /* Project object */;
			proxyType = 1;
			remoteGlobalIDString = B63121061C60D69F0063E975;
			remoteInfo = "Counties Extension";
		};
		B63121131C60D69F0063E975 /* PBXContainerItemProxy */ = {
			isa = PBXContainerItemProxy;
			containerPortal = 48ABDFA11C2063D70078391A /* Project object */;
			proxyType = 1;
			remoteGlobalIDString = B63120FA1C60D69F0063E975;
			remoteInfo = Counties;
		};
/* End PBXContainerItemProxy section */

/* Begin PBXCopyFilesBuildPhase section */
		B631211B1C60D69F0063E975 /* Embed App Extensions */ = {
			isa = PBXCopyFilesBuildPhase;
			buildActionMask = 2147483647;
			dstPath = "";
			dstSubfolderSpec = 13;
			files = (
				B63121081C60D69F0063E975 /* Counties Extension.appex in Embed App Extensions */,
			);
			name = "Embed App Extensions";
			runOnlyForDeploymentPostprocessing = 0;
		};
		B631211D1C60D69F0063E975 /* Embed Watch Content */ = {
			isa = PBXCopyFilesBuildPhase;
			buildActionMask = 2147483647;
			dstPath = "$(CONTENTS_FOLDER_PATH)/Watch";
			dstSubfolderSpec = 16;
			files = (
				B63121151C60D69F0063E975 /* Counties (watchOS).app in Embed Watch Content */,
			);
			name = "Embed Watch Content";
			runOnlyForDeploymentPostprocessing = 0;
		};
/* End PBXCopyFilesBuildPhase section */

/* Begin PBXFileReference section */
		480F4FEB1DD346CA00159C06 /* SpotlightSearchController.swift */ = {isa = PBXFileReference; fileEncoding = 4; lastKnownFileType = sourcecode.swift; name = SpotlightSearchController.swift; path = Spotlight/SpotlightSearchController.swift; sourceTree = "<group>"; };
		482CDE051DD121D500ACB70B /* SpotlightQueryContinuationHandler.swift */ = {isa = PBXFileReference; fileEncoding = 4; lastKnownFileType = sourcecode.swift; name = SpotlightQueryContinuationHandler.swift; path = Spotlight/SpotlightQueryContinuationHandler.swift; sourceTree = "<group>"; };
		483523AE1C885F42003DA4D7 /* ApplicationShortcutHandler.swift */ = {isa = PBXFileReference; fileEncoding = 4; lastKnownFileType = sourcecode.swift; path = ApplicationShortcutHandler.swift; sourceTree = "<group>"; };
		4893662423D5FD1B00BD781D /* FavouritesController.swift */ = {isa = PBXFileReference; lastKnownFileType = sourcecode.swift; name = FavouritesController.swift; path = Favourites/FavouritesController.swift; sourceTree = "<group>"; };
		4893662A23D609B100BD781D /* CountiesTests.xctest */ = {isa = PBXFileReference; explicitFileType = wrapper.cfbundle; includeInIndex = 0; path = CountiesTests.xctest; sourceTree = BUILT_PRODUCTS_DIR; };
		4893662E23D609B100BD781D /* Info.plist */ = {isa = PBXFileReference; lastKnownFileType = text.plist.xml; path = Info.plist; sourceTree = "<group>"; };
		4893663423D609CB00BD781D /* FavouritesControllerTests.swift */ = {isa = PBXFileReference; lastKnownFileType = sourcecode.swift; path = FavouritesControllerTests.swift; sourceTree = "<group>"; };
		4893663623D7342900BD781D /* Counties.entitlements */ = {isa = PBXFileReference; lastKnownFileType = text.plist.entitlements; name = Counties.entitlements; path = Counties/Counties.entitlements; sourceTree = SOURCE_ROOT; };
		4893663723E88D7000BD781D /* EmptyCountiesNoticeView.swift */ = {isa = PBXFileReference; lastKnownFileType = sourcecode.swift; path = EmptyCountiesNoticeView.swift; sourceTree = "<group>"; };
		4893663923E8A10A00BD781D /* CountiesCollectionViewController.swift */ = {isa = PBXFileReference; lastKnownFileType = sourcecode.swift; path = CountiesCollectionViewController.swift; sourceTree = "<group>"; };
		48ABDFA91C2063D70078391A /* Counties.app */ = {isa = PBXFileReference; explicitFileType = wrapper.application; includeInIndex = 0; path = Counties.app; sourceTree = BUILT_PRODUCTS_DIR; };
		48ABDFAC1C2063D70078391A /* AppDelegate.swift */ = {isa = PBXFileReference; lastKnownFileType = sourcecode.swift; path = AppDelegate.swift; sourceTree = "<group>"; };
		48ABDFAE1C2063D70078391A /* CountiesViewController.swift */ = {isa = PBXFileReference; lastKnownFileType = sourcecode.swift; path = CountiesViewController.swift; sourceTree = "<group>"; };
		48ABDFB11C2063D70078391A /* Base */ = {isa = PBXFileReference; lastKnownFileType = file.storyboard; name = Base; path = Base.lproj/Main.storyboard; sourceTree = "<group>"; };
		48ABDFB31C2063D70078391A /* Assets.xcassets */ = {isa = PBXFileReference; lastKnownFileType = folder.assetcatalog; path = Assets.xcassets; sourceTree = "<group>"; };
		48ABDFB61C2063D70078391A /* Base */ = {isa = PBXFileReference; lastKnownFileType = file.storyboard; name = Base; path = Base.lproj/LaunchScreen.storyboard; sourceTree = "<group>"; };
		48ABDFB81C2063D70078391A /* Info.plist */ = {isa = PBXFileReference; lastKnownFileType = text.plist.xml; path = Info.plist; sourceTree = "<group>"; };
		48ABDFBF1C2069370078391A /* Counties.plist */ = {isa = PBXFileReference; fileEncoding = 4; lastKnownFileType = text.plist.xml; name = Counties.plist; path = Data/Counties.plist; sourceTree = "<group>"; };
		48ABDFC11C206A0B0078391A /* County.swift */ = {isa = PBXFileReference; fileEncoding = 4; lastKnownFileType = sourcecode.swift; name = County.swift; path = Data/County.swift; sourceTree = "<group>"; };
		48ABDFC31C209E2F0078391A /* CountyCell.swift */ = {isa = PBXFileReference; fileEncoding = 4; lastKnownFileType = sourcecode.swift; path = CountyCell.swift; sourceTree = "<group>"; };
		48B7F6F61C21ACA9009BFC45 /* CountyViewController.swift */ = {isa = PBXFileReference; fileEncoding = 4; lastKnownFileType = sourcecode.swift; path = CountyViewController.swift; sourceTree = "<group>"; };
		48C7177123AA791C005D80C6 /* MasterSceneDelegate.swift */ = {isa = PBXFileReference; lastKnownFileType = sourcecode.swift; name = MasterSceneDelegate.swift; path = "Scene Delegates/MasterSceneDelegate.swift"; sourceTree = "<group>"; };
		48C7177723AA9689005D80C6 /* Base */ = {isa = PBXFileReference; lastKnownFileType = file.storyboard; name = Base; path = Base.lproj/CountyViewController.storyboard; sourceTree = "<group>"; };
		48C7177923AAAB8D005D80C6 /* CountySceneDelegate.swift */ = {isa = PBXFileReference; lastKnownFileType = sourcecode.swift; name = CountySceneDelegate.swift; path = "Scene Delegates/CountySceneDelegate.swift"; sourceTree = "<group>"; };
		48C7177B23AB7E3A005D80C6 /* County+NSUserActivity.swift */ = {isa = PBXFileReference; lastKnownFileType = sourcecode.swift; name = "County+NSUserActivity.swift"; path = "Handoff/County+NSUserActivity.swift"; sourceTree = "<group>"; };
		48C7177F23ACDFC2005D80C6 /* PillButton.swift */ = {isa = PBXFileReference; lastKnownFileType = sourcecode.swift; name = PillButton.swift; path = Controls/PillButton.swift; sourceTree = "<group>"; };
		48E8A9731C56AF9B004B1F2E /* SpotlightController.swift */ = {isa = PBXFileReference; fileEncoding = 4; lastKnownFileType = sourcecode.swift; name = SpotlightController.swift; path = Spotlight/SpotlightController.swift; sourceTree = "<group>"; };
		B63120FB1C60D69F0063E975 /* Counties (watchOS).app */ = {isa = PBXFileReference; explicitFileType = wrapper.application; includeInIndex = 0; path = "Counties (watchOS).app"; sourceTree = BUILT_PRODUCTS_DIR; };
		B63120FE1C60D69F0063E975 /* Base */ = {isa = PBXFileReference; lastKnownFileType = file.storyboard; name = Base; path = Base.lproj/Interface.storyboard; sourceTree = "<group>"; };
		B63121001C60D69F0063E975 /* Assets.xcassets */ = {isa = PBXFileReference; lastKnownFileType = folder.assetcatalog; path = Assets.xcassets; sourceTree = "<group>"; };
		B63121021C60D69F0063E975 /* Info.plist */ = {isa = PBXFileReference; lastKnownFileType = text.plist.xml; path = Info.plist; sourceTree = "<group>"; };
		B63121071C60D69F0063E975 /* Counties Extension.appex */ = {isa = PBXFileReference; explicitFileType = "wrapper.app-extension"; includeInIndex = 0; path = "Counties Extension.appex"; sourceTree = BUILT_PRODUCTS_DIR; };
		B631210C1C60D69F0063E975 /* InterfaceController.swift */ = {isa = PBXFileReference; lastKnownFileType = sourcecode.swift; path = InterfaceController.swift; sourceTree = "<group>"; };
		B631210E1C60D69F0063E975 /* ExtensionDelegate.swift */ = {isa = PBXFileReference; lastKnownFileType = sourcecode.swift; path = ExtensionDelegate.swift; sourceTree = "<group>"; };
		B63121101C60D69F0063E975 /* Assets.xcassets */ = {isa = PBXFileReference; lastKnownFileType = folder.assetcatalog; path = Assets.xcassets; sourceTree = "<group>"; };
		B63121121C60D69F0063E975 /* Info.plist */ = {isa = PBXFileReference; lastKnownFileType = text.plist.xml; path = Info.plist; sourceTree = "<group>"; };
		B63121201C60D6D80063E975 /* CountyRowController.swift */ = {isa = PBXFileReference; fileEncoding = 4; lastKnownFileType = sourcecode.swift; path = CountyRowController.swift; sourceTree = "<group>"; };
		B63121231C60DC870063E975 /* CountyInterfaceController.swift */ = {isa = PBXFileReference; fileEncoding = 4; lastKnownFileType = sourcecode.swift; path = CountyInterfaceController.swift; sourceTree = "<group>"; };
		B63121261C60ED980063E975 /* HandoffConstants.swift */ = {isa = PBXFileReference; fileEncoding = 4; lastKnownFileType = sourcecode.swift; name = HandoffConstants.swift; path = Handoff/HandoffConstants.swift; sourceTree = "<group>"; };
		B63121291C60F0190063E975 /* HandoffController.swift */ = {isa = PBXFileReference; fileEncoding = 4; lastKnownFileType = sourcecode.swift; name = HandoffController.swift; path = Handoff/HandoffController.swift; sourceTree = "<group>"; };
		B631212B1C60F51B0063E975 /* UserActivityHandling.swift */ = {isa = PBXFileReference; fileEncoding = 4; lastKnownFileType = sourcecode.swift; path = UserActivityHandling.swift; sourceTree = "<group>"; };
		B684588C1C84818B00EE6096 /* CountyHistory.swift */ = {isa = PBXFileReference; fileEncoding = 4; lastKnownFileType = sourcecode.swift; path = CountyHistory.swift; sourceTree = "<group>"; };
/* End PBXFileReference section */

/* Begin PBXFrameworksBuildPhase section */
		4893662723D609B100BD781D /* Frameworks */ = {
			isa = PBXFrameworksBuildPhase;
			buildActionMask = 2147483647;
			files = (
			);
			runOnlyForDeploymentPostprocessing = 0;
		};
		48ABDFA61C2063D70078391A /* Frameworks */ = {
			isa = PBXFrameworksBuildPhase;
			buildActionMask = 2147483647;
			files = (
			);
			runOnlyForDeploymentPostprocessing = 0;
		};
		B63121041C60D69F0063E975 /* Frameworks */ = {
			isa = PBXFrameworksBuildPhase;
			buildActionMask = 2147483647;
			files = (
			);
			runOnlyForDeploymentPostprocessing = 0;
		};
/* End PBXFrameworksBuildPhase section */

/* Begin PBXGroup section */
		4893662323D5FCDB00BD781D /* Favourites */ = {
			isa = PBXGroup;
			children = (
				4893662423D5FD1B00BD781D /* FavouritesController.swift */,
			);
			name = Favourites;
			sourceTree = "<group>";
		};
		4893662B23D609B100BD781D /* CountiesTests */ = {
			isa = PBXGroup;
			children = (
				4893663423D609CB00BD781D /* FavouritesControllerTests.swift */,
				4893662E23D609B100BD781D /* Info.plist */,
			);
			path = CountiesTests;
			sourceTree = "<group>";
		};
		48ABDFA01C2063D70078391A = {
			isa = PBXGroup;
			children = (
				48ABDFAB1C2063D70078391A /* Counties */,
				4893662B23D609B100BD781D /* CountiesTests */,
				B63120FC1C60D69F0063E975 /* Counties (watchOS) */,
				B631210B1C60D69F0063E975 /* Counties Extension */,
				48ABDFAA1C2063D70078391A /* Products */,
			);
			sourceTree = "<group>";
		};
		48ABDFAA1C2063D70078391A /* Products */ = {
			isa = PBXGroup;
			children = (
				48ABDFA91C2063D70078391A /* Counties.app */,
				B63120FB1C60D69F0063E975 /* Counties (watchOS).app */,
				B63121071C60D69F0063E975 /* Counties Extension.appex */,
				4893662A23D609B100BD781D /* CountiesTests.xctest */,
			);
			name = Products;
			sourceTree = "<group>";
		};
		48ABDFAB1C2063D70078391A /* Counties */ = {
			isa = PBXGroup;
			children = (
				4893663623D7342900BD781D /* Counties.entitlements */,
				48C7177E23ACDFA8005D80C6 /* Controls */,
				48ABDFBE1C2069220078391A /* Data */,
				4893662323D5FCDB00BD781D /* Favourites */,
				B63121251C60ED6C0063E975 /* Handoff */,
				48C7177023AA78D4005D80C6 /* Scene Delegates */,
				48E8A9721C56AF7E004B1F2E /* Spotlight */,
				48ABDFAC1C2063D70078391A /* AppDelegate.swift */,
				483523AE1C885F42003DA4D7 /* ApplicationShortcutHandler.swift */,
				4893663923E8A10A00BD781D /* CountiesCollectionViewController.swift */,
				48ABDFAE1C2063D70078391A /* CountiesViewController.swift */,
				48ABDFC31C209E2F0078391A /* CountyCell.swift */,
				48B7F6F61C21ACA9009BFC45 /* CountyViewController.swift */,
				4893663723E88D7000BD781D /* EmptyCountiesNoticeView.swift */,
				B631212B1C60F51B0063E975 /* UserActivityHandling.swift */,
				B684588C1C84818B00EE6096 /* CountyHistory.swift */,
				48ABDFB01C2063D70078391A /* Main.storyboard */,
				48ABDFB31C2063D70078391A /* Assets.xcassets */,
				48C7177623AA9689005D80C6 /* CountyViewController.storyboard */,
				48ABDFB51C2063D70078391A /* LaunchScreen.storyboard */,
				48ABDFB81C2063D70078391A /* Info.plist */,
			);
			name = Counties;
			path = Adaptivity;
			sourceTree = "<group>";
		};
		48ABDFBE1C2069220078391A /* Data */ = {
			isa = PBXGroup;
			children = (
				48ABDFBF1C2069370078391A /* Counties.plist */,
				48ABDFC11C206A0B0078391A /* County.swift */,
			);
			name = Data;
			sourceTree = "<group>";
		};
		48C7177023AA78D4005D80C6 /* Scene Delegates */ = {
			isa = PBXGroup;
			children = (
				48C7177923AAAB8D005D80C6 /* CountySceneDelegate.swift */,
				48C7177123AA791C005D80C6 /* MasterSceneDelegate.swift */,
			);
			name = "Scene Delegates";
			sourceTree = "<group>";
		};
		48C7177E23ACDFA8005D80C6 /* Controls */ = {
			isa = PBXGroup;
			children = (
				48C7177F23ACDFC2005D80C6 /* PillButton.swift */,
			);
			name = Controls;
			sourceTree = "<group>";
		};
		48E8A9721C56AF7E004B1F2E /* Spotlight */ = {
			isa = PBXGroup;
			children = (
				48E8A9731C56AF9B004B1F2E /* SpotlightController.swift */,
				482CDE051DD121D500ACB70B /* SpotlightQueryContinuationHandler.swift */,
				480F4FEB1DD346CA00159C06 /* SpotlightSearchController.swift */,
			);
			name = Spotlight;
			sourceTree = "<group>";
		};
		B63120FC1C60D69F0063E975 /* Counties (watchOS) */ = {
			isa = PBXGroup;
			children = (
				B63120FD1C60D69F0063E975 /* Interface.storyboard */,
				B63121001C60D69F0063E975 /* Assets.xcassets */,
				B63121021C60D69F0063E975 /* Info.plist */,
			);
			name = "Counties (watchOS)";
			path = Counties;
			sourceTree = "<group>";
		};
		B631210B1C60D69F0063E975 /* Counties Extension */ = {
			isa = PBXGroup;
			children = (
				B631210C1C60D69F0063E975 /* InterfaceController.swift */,
				B63121201C60D6D80063E975 /* CountyRowController.swift */,
				B63121231C60DC870063E975 /* CountyInterfaceController.swift */,
				B631210E1C60D69F0063E975 /* ExtensionDelegate.swift */,
				B63121101C60D69F0063E975 /* Assets.xcassets */,
				B63121121C60D69F0063E975 /* Info.plist */,
			);
			path = "Counties Extension";
			sourceTree = "<group>";
		};
		B63121251C60ED6C0063E975 /* Handoff */ = {
			isa = PBXGroup;
			children = (
				48C7177B23AB7E3A005D80C6 /* County+NSUserActivity.swift */,
				B63121261C60ED980063E975 /* HandoffConstants.swift */,
				B63121291C60F0190063E975 /* HandoffController.swift */,
			);
			name = Handoff;
			sourceTree = "<group>";
		};
/* End PBXGroup section */

/* Begin PBXNativeTarget section */
		4893662923D609B100BD781D /* CountiesTests */ = {
			isa = PBXNativeTarget;
			buildConfigurationList = 4893663123D609B100BD781D /* Build configuration list for PBXNativeTarget "CountiesTests" */;
			buildPhases = (
				4893662623D609B100BD781D /* Sources */,
				4893662723D609B100BD781D /* Frameworks */,
				4893662823D609B100BD781D /* Resources */,
			);
			buildRules = (
			);
			dependencies = (
				4893663023D609B100BD781D /* PBXTargetDependency */,
			);
			name = CountiesTests;
			productName = CountiesTests;
			productReference = 4893662A23D609B100BD781D /* CountiesTests.xctest */;
			productType = "com.apple.product-type.bundle.unit-test";
		};
		48ABDFA81C2063D70078391A /* Counties */ = {
			isa = PBXNativeTarget;
			buildConfigurationList = 48ABDFBB1C2063D70078391A /* Build configuration list for PBXNativeTarget "Counties" */;
			buildPhases = (
				48ABDFA51C2063D70078391A /* Sources */,
				48ABDFA61C2063D70078391A /* Frameworks */,
				48ABDFA71C2063D70078391A /* Resources */,
				B631211D1C60D69F0063E975 /* Embed Watch Content */,
			);
			buildRules = (
			);
			dependencies = (
				B63121141C60D69F0063E975 /* PBXTargetDependency */,
			);
			name = Counties;
			productName = Adaptivity;
			productReference = 48ABDFA91C2063D70078391A /* Counties.app */;
			productType = "com.apple.product-type.application";
		};
		B63120FA1C60D69F0063E975 /* Counties (watchOS) */ = {
			isa = PBXNativeTarget;
			buildConfigurationList = B631211C1C60D69F0063E975 /* Build configuration list for PBXNativeTarget "Counties (watchOS)" */;
			buildPhases = (
				B63120F91C60D69F0063E975 /* Resources */,
				B631211B1C60D69F0063E975 /* Embed App Extensions */,
			);
			buildRules = (
			);
			dependencies = (
				B631210A1C60D69F0063E975 /* PBXTargetDependency */,
			);
			name = "Counties (watchOS)";
			productName = Counties;
			productReference = B63120FB1C60D69F0063E975 /* Counties (watchOS).app */;
			productType = "com.apple.product-type.application.watchapp2";
		};
		B63121061C60D69F0063E975 /* Counties Extension */ = {
			isa = PBXNativeTarget;
			buildConfigurationList = B631211A1C60D69F0063E975 /* Build configuration list for PBXNativeTarget "Counties Extension" */;
			buildPhases = (
				B63121031C60D69F0063E975 /* Sources */,
				B63121041C60D69F0063E975 /* Frameworks */,
				B63121051C60D69F0063E975 /* Resources */,
			);
			buildRules = (
			);
			dependencies = (
			);
			name = "Counties Extension";
			productName = "Counties Extension";
			productReference = B63121071C60D69F0063E975 /* Counties Extension.appex */;
			productType = "com.apple.product-type.watchkit2-extension";
		};
/* End PBXNativeTarget section */

/* Begin PBXProject section */
		48ABDFA11C2063D70078391A /* Project object */ = {
			isa = PBXProject;
			attributes = {
				LastSwiftUpdateCheck = 1130;
				LastUpgradeCheck = 1110;
				ORGANIZATIONNAME = "Darjeeling Apps";
				TargetAttributes = {
					4893662923D609B100BD781D = {
						CreatedOnToolsVersion = 11.3;
						ProvisioningStyle = Automatic;
						TestTargetID = 48ABDFA81C2063D70078391A;
					};
					48ABDFA81C2063D70078391A = {
						CreatedOnToolsVersion = 7.2;
						LastSwiftMigration = 1110;
					};
					B63120FA1C60D69F0063E975 = {
						CreatedOnToolsVersion = 7.2;
						LastSwiftMigration = 0810;
					};
					B63121061C60D69F0063E975 = {
						CreatedOnToolsVersion = 7.2;
						LastSwiftMigration = 1110;
					};
				};
			};
			buildConfigurationList = 48ABDFA41C2063D70078391A /* Build configuration list for PBXProject "Adaptivity" */;
			compatibilityVersion = "Xcode 3.2";
			developmentRegion = en;
			hasScannedForEncodings = 0;
			knownRegions = (
				en,
				Base,
			);
			mainGroup = 48ABDFA01C2063D70078391A;
			productRefGroup = 48ABDFAA1C2063D70078391A /* Products */;
			projectDirPath = "";
			projectRoot = "";
			targets = (
				48ABDFA81C2063D70078391A /* Counties */,
				B63120FA1C60D69F0063E975 /* Counties (watchOS) */,
				B63121061C60D69F0063E975 /* Counties Extension */,
				4893662923D609B100BD781D /* CountiesTests */,
			);
		};
/* End PBXProject section */

/* Begin PBXResourcesBuildPhase section */
		4893662823D609B100BD781D /* Resources */ = {
			isa = PBXResourcesBuildPhase;
			buildActionMask = 2147483647;
			files = (
			);
			runOnlyForDeploymentPostprocessing = 0;
		};
		48ABDFA71C2063D70078391A /* Resources */ = {
			isa = PBXResourcesBuildPhase;
			buildActionMask = 2147483647;
			files = (
				48ABDFB71C2063D70078391A /* LaunchScreen.storyboard in Resources */,
				48ABDFB41C2063D70078391A /* Assets.xcassets in Resources */,
				48ABDFC01C2069370078391A /* Counties.plist in Resources */,
				48C7177823AA9689005D80C6 /* CountyViewController.storyboard in Resources */,
				48ABDFB21C2063D70078391A /* Main.storyboard in Resources */,
			);
			runOnlyForDeploymentPostprocessing = 0;
		};
		B63120F91C60D69F0063E975 /* Resources */ = {
			isa = PBXResourcesBuildPhase;
			buildActionMask = 2147483647;
			files = (
				B63121011C60D69F0063E975 /* Assets.xcassets in Resources */,
				B63120FF1C60D69F0063E975 /* Interface.storyboard in Resources */,
			);
			runOnlyForDeploymentPostprocessing = 0;
		};
		B63121051C60D69F0063E975 /* Resources */ = {
			isa = PBXResourcesBuildPhase;
			buildActionMask = 2147483647;
			files = (
				B63121221C60D8450063E975 /* Counties.plist in Resources */,
				B63121111C60D69F0063E975 /* Assets.xcassets in Resources */,
			);
			runOnlyForDeploymentPostprocessing = 0;
		};
/* End PBXResourcesBuildPhase section */

/* Begin PBXSourcesBuildPhase section */
		4893662623D609B100BD781D /* Sources */ = {
			isa = PBXSourcesBuildPhase;
			buildActionMask = 2147483647;
			files = (
				4893663523D609CB00BD781D /* FavouritesControllerTests.swift in Sources */,
			);
			runOnlyForDeploymentPostprocessing = 0;
		};
		48ABDFA51C2063D70078391A /* Sources */ = {
			isa = PBXSourcesBuildPhase;
			buildActionMask = 2147483647;
			files = (
				4893663823E88D7000BD781D /* EmptyCountiesNoticeView.swift in Sources */,
				48C7177C23AB7E3A005D80C6 /* County+NSUserActivity.swift in Sources */,
				48ABDFC21C206A0B0078391A /* County.swift in Sources */,
				48C7177223AA791C005D80C6 /* MasterSceneDelegate.swift in Sources */,
				48C7177A23AAAB8D005D80C6 /* CountySceneDelegate.swift in Sources */,
				48ABDFC41C209E2F0078391A /* CountyCell.swift in Sources */,
				480F4FEC1DD346CA00159C06 /* SpotlightSearchController.swift in Sources */,
				483523AF1C885F42003DA4D7 /* ApplicationShortcutHandler.swift in Sources */,
				B684588D1C84818B00EE6096 /* CountyHistory.swift in Sources */,
				48ABDFAF1C2063D70078391A /* CountiesViewController.swift in Sources */,
				482CDE061DD121D500ACB70B /* SpotlightQueryContinuationHandler.swift in Sources */,
				48B7F6F71C21ACA9009BFC45 /* CountyViewController.swift in Sources */,
				B631212A1C60F0190063E975 /* HandoffController.swift in Sources */,
				B63121271C60ED980063E975 /* HandoffConstants.swift in Sources */,
				48E8A9741C56AF9B004B1F2E /* SpotlightController.swift in Sources */,
				48C7178023ACDFC2005D80C6 /* PillButton.swift in Sources */,
				4893662523D5FD1B00BD781D /* FavouritesController.swift in Sources */,
				B631212C1C60F51B0063E975 /* UserActivityHandling.swift in Sources */,
				4893663A23E8A10A00BD781D /* CountiesCollectionViewController.swift in Sources */,
				48ABDFAD1C2063D70078391A /* AppDelegate.swift in Sources */,
			);
			runOnlyForDeploymentPostprocessing = 0;
		};
		B63121031C60D69F0063E975 /* Sources */ = {
			isa = PBXSourcesBuildPhase;
			buildActionMask = 2147483647;
			files = (
				48C7177D23AB7EF2005D80C6 /* County+NSUserActivity.swift in Sources */,
				B63121281C60ED980063E975 /* HandoffConstants.swift in Sources */,
				B63121241C60DC870063E975 /* CountyInterfaceController.swift in Sources */,
				B631211F1C60D6B70063E975 /* County.swift in Sources */,
				B631210F1C60D69F0063E975 /* ExtensionDelegate.swift in Sources */,
				B63121211C60D6D80063E975 /* CountyRowController.swift in Sources */,
				B631210D1C60D69F0063E975 /* InterfaceController.swift in Sources */,
			);
			runOnlyForDeploymentPostprocessing = 0;
		};
/* End PBXSourcesBuildPhase section */

/* Begin PBXTargetDependency section */
		4893663023D609B100BD781D /* PBXTargetDependency */ = {
			isa = PBXTargetDependency;
			target = 48ABDFA81C2063D70078391A /* Counties */;
			targetProxy = 4893662F23D609B100BD781D /* PBXContainerItemProxy */;
		};
		B631210A1C60D69F0063E975 /* PBXTargetDependency */ = {
			isa = PBXTargetDependency;
			target = B63121061C60D69F0063E975 /* Counties Extension */;
			targetProxy = B63121091C60D69F0063E975 /* PBXContainerItemProxy */;
		};
		B63121141C60D69F0063E975 /* PBXTargetDependency */ = {
			isa = PBXTargetDependency;
			target = B63120FA1C60D69F0063E975 /* Counties (watchOS) */;
			targetProxy = B63121131C60D69F0063E975 /* PBXContainerItemProxy */;
		};
/* End PBXTargetDependency section */

/* Begin PBXVariantGroup section */
		48ABDFB01C2063D70078391A /* Main.storyboard */ = {
			isa = PBXVariantGroup;
			children = (
				48ABDFB11C2063D70078391A /* Base */,
			);
			name = Main.storyboard;
			sourceTree = "<group>";
		};
		48ABDFB51C2063D70078391A /* LaunchScreen.storyboard */ = {
			isa = PBXVariantGroup;
			children = (
				48ABDFB61C2063D70078391A /* Base */,
			);
			name = LaunchScreen.storyboard;
			sourceTree = "<group>";
		};
		48C7177623AA9689005D80C6 /* CountyViewController.storyboard */ = {
			isa = PBXVariantGroup;
			children = (
				48C7177723AA9689005D80C6 /* Base */,
			);
			name = CountyViewController.storyboard;
			sourceTree = "<group>";
		};
		B63120FD1C60D69F0063E975 /* Interface.storyboard */ = {
			isa = PBXVariantGroup;
			children = (
				B63120FE1C60D69F0063E975 /* Base */,
			);
			name = Interface.storyboard;
			sourceTree = "<group>";
		};
/* End PBXVariantGroup section */

/* Begin XCBuildConfiguration section */
		4893663223D609B100BD781D /* Debug */ = {
			isa = XCBuildConfiguration;
			buildSettings = {
				BUNDLE_LOADER = "$(TEST_HOST)";
				CLANG_ANALYZER_NONNULL = YES;
				CLANG_ANALYZER_NUMBER_OBJECT_CONVERSION = YES_AGGRESSIVE;
				CLANG_CXX_LANGUAGE_STANDARD = "gnu++14";
				CLANG_ENABLE_OBJC_WEAK = YES;
				CLANG_WARN_DOCUMENTATION_COMMENTS = YES;
				CLANG_WARN_UNGUARDED_AVAILABILITY = YES_AGGRESSIVE;
				CODE_SIGN_STYLE = Automatic;
				GCC_C_LANGUAGE_STANDARD = gnu11;
				INFOPLIST_FILE = CountiesTests/Info.plist;
				IPHONEOS_DEPLOYMENT_TARGET = 13.2;
				LD_RUNPATH_SEARCH_PATHS = "$(inherited) @executable_path/Frameworks @loader_path/Frameworks";
				MTL_ENABLE_DEBUG_INFO = INCLUDE_SOURCE;
				MTL_FAST_MATH = YES;
				PRODUCT_BUNDLE_IDENTIFIER = com.darjeeling.CountiesTests;
				PRODUCT_NAME = "$(TARGET_NAME)";
				SWIFT_ACTIVE_COMPILATION_CONDITIONS = DEBUG;
				SWIFT_VERSION = 5.0;
				TARGETED_DEVICE_FAMILY = "1,2";
				TEST_HOST = "$(BUILT_PRODUCTS_DIR)/Counties.app/Counties";
			};
			name = Debug;
		};
		4893663323D609B100BD781D /* Release */ = {
			isa = XCBuildConfiguration;
			buildSettings = {
				BUNDLE_LOADER = "$(TEST_HOST)";
				CLANG_ANALYZER_NONNULL = YES;
				CLANG_ANALYZER_NUMBER_OBJECT_CONVERSION = YES_AGGRESSIVE;
				CLANG_CXX_LANGUAGE_STANDARD = "gnu++14";
				CLANG_ENABLE_OBJC_WEAK = YES;
				CLANG_WARN_DOCUMENTATION_COMMENTS = YES;
				CLANG_WARN_UNGUARDED_AVAILABILITY = YES_AGGRESSIVE;
				CODE_SIGN_STYLE = Automatic;
				GCC_C_LANGUAGE_STANDARD = gnu11;
				INFOPLIST_FILE = CountiesTests/Info.plist;
				IPHONEOS_DEPLOYMENT_TARGET = 13.2;
				LD_RUNPATH_SEARCH_PATHS = "$(inherited) @executable_path/Frameworks @loader_path/Frameworks";
				MTL_FAST_MATH = YES;
				PRODUCT_BUNDLE_IDENTIFIER = com.darjeeling.CountiesTests;
				PRODUCT_NAME = "$(TARGET_NAME)";
				SWIFT_VERSION = 5.0;
				TARGETED_DEVICE_FAMILY = "1,2";
				TEST_HOST = "$(BUILT_PRODUCTS_DIR)/Counties.app/Counties";
			};
			name = Release;
		};
		48ABDFB91C2063D70078391A /* Debug */ = {
			isa = XCBuildConfiguration;
			buildSettings = {
				ALWAYS_SEARCH_USER_PATHS = NO;
				CLANG_ANALYZER_LOCALIZABILITY_NONLOCALIZED = YES;
				CLANG_CXX_LANGUAGE_STANDARD = "gnu++0x";
				CLANG_CXX_LIBRARY = "libc++";
				CLANG_ENABLE_MODULES = YES;
				CLANG_ENABLE_OBJC_ARC = YES;
				CLANG_WARN_BLOCK_CAPTURE_AUTORELEASING = YES;
				CLANG_WARN_BOOL_CONVERSION = YES;
				CLANG_WARN_COMMA = YES;
				CLANG_WARN_CONSTANT_CONVERSION = YES;
				CLANG_WARN_DEPRECATED_OBJC_IMPLEMENTATIONS = YES;
				CLANG_WARN_DIRECT_OBJC_ISA_USAGE = YES_ERROR;
				CLANG_WARN_EMPTY_BODY = YES;
				CLANG_WARN_ENUM_CONVERSION = YES;
				CLANG_WARN_INFINITE_RECURSION = YES;
				CLANG_WARN_INT_CONVERSION = YES;
				CLANG_WARN_NON_LITERAL_NULL_CONVERSION = YES;
				CLANG_WARN_OBJC_IMPLICIT_RETAIN_SELF = YES;
				CLANG_WARN_OBJC_LITERAL_CONVERSION = YES;
				CLANG_WARN_OBJC_ROOT_CLASS = YES_ERROR;
				CLANG_WARN_RANGE_LOOP_ANALYSIS = YES;
				CLANG_WARN_STRICT_PROTOTYPES = YES;
				CLANG_WARN_SUSPICIOUS_MOVE = YES;
				CLANG_WARN_UNREACHABLE_CODE = YES;
				CLANG_WARN__DUPLICATE_METHOD_MATCH = YES;
				"CODE_SIGN_IDENTITY[sdk=iphoneos*]" = "iPhone Developer";
				COPY_PHASE_STRIP = NO;
				DEBUG_INFORMATION_FORMAT = dwarf;
				ENABLE_STRICT_OBJC_MSGSEND = YES;
				ENABLE_TESTABILITY = YES;
				GCC_C_LANGUAGE_STANDARD = gnu99;
				GCC_DYNAMIC_NO_PIC = NO;
				GCC_NO_COMMON_BLOCKS = YES;
				GCC_OPTIMIZATION_LEVEL = 0;
				GCC_PREPROCESSOR_DEFINITIONS = (
					"DEBUG=1",
					"$(inherited)",
				);
				GCC_WARN_64_TO_32_BIT_CONVERSION = YES;
				GCC_WARN_ABOUT_RETURN_TYPE = YES_ERROR;
				GCC_WARN_UNDECLARED_SELECTOR = YES;
				GCC_WARN_UNINITIALIZED_AUTOS = YES_AGGRESSIVE;
				GCC_WARN_UNUSED_FUNCTION = YES;
				GCC_WARN_UNUSED_VARIABLE = YES;
				IPHONEOS_DEPLOYMENT_TARGET = 13.0;
				MTL_ENABLE_DEBUG_INFO = YES;
				ONLY_ACTIVE_ARCH = YES;
				SDKROOT = iphoneos;
				SWIFT_OPTIMIZATION_LEVEL = "-Onone";
				TARGETED_DEVICE_FAMILY = "1,2";
			};
			name = Debug;
		};
		48ABDFBA1C2063D70078391A /* Release */ = {
			isa = XCBuildConfiguration;
			buildSettings = {
				ALWAYS_SEARCH_USER_PATHS = NO;
				CLANG_ANALYZER_LOCALIZABILITY_NONLOCALIZED = YES;
				CLANG_CXX_LANGUAGE_STANDARD = "gnu++0x";
				CLANG_CXX_LIBRARY = "libc++";
				CLANG_ENABLE_MODULES = YES;
				CLANG_ENABLE_OBJC_ARC = YES;
				CLANG_WARN_BLOCK_CAPTURE_AUTORELEASING = YES;
				CLANG_WARN_BOOL_CONVERSION = YES;
				CLANG_WARN_COMMA = YES;
				CLANG_WARN_CONSTANT_CONVERSION = YES;
				CLANG_WARN_DEPRECATED_OBJC_IMPLEMENTATIONS = YES;
				CLANG_WARN_DIRECT_OBJC_ISA_USAGE = YES_ERROR;
				CLANG_WARN_EMPTY_BODY = YES;
				CLANG_WARN_ENUM_CONVERSION = YES;
				CLANG_WARN_INFINITE_RECURSION = YES;
				CLANG_WARN_INT_CONVERSION = YES;
				CLANG_WARN_NON_LITERAL_NULL_CONVERSION = YES;
				CLANG_WARN_OBJC_IMPLICIT_RETAIN_SELF = YES;
				CLANG_WARN_OBJC_LITERAL_CONVERSION = YES;
				CLANG_WARN_OBJC_ROOT_CLASS = YES_ERROR;
				CLANG_WARN_RANGE_LOOP_ANALYSIS = YES;
				CLANG_WARN_STRICT_PROTOTYPES = YES;
				CLANG_WARN_SUSPICIOUS_MOVE = YES;
				CLANG_WARN_UNREACHABLE_CODE = YES;
				CLANG_WARN__DUPLICATE_METHOD_MATCH = YES;
				"CODE_SIGN_IDENTITY[sdk=iphoneos*]" = "iPhone Developer";
				COPY_PHASE_STRIP = NO;
				DEBUG_INFORMATION_FORMAT = "dwarf-with-dsym";
				ENABLE_NS_ASSERTIONS = NO;
				ENABLE_STRICT_OBJC_MSGSEND = YES;
				GCC_C_LANGUAGE_STANDARD = gnu99;
				GCC_NO_COMMON_BLOCKS = YES;
				GCC_WARN_64_TO_32_BIT_CONVERSION = YES;
				GCC_WARN_ABOUT_RETURN_TYPE = YES_ERROR;
				GCC_WARN_UNDECLARED_SELECTOR = YES;
				GCC_WARN_UNINITIALIZED_AUTOS = YES_AGGRESSIVE;
				GCC_WARN_UNUSED_FUNCTION = YES;
				GCC_WARN_UNUSED_VARIABLE = YES;
				IPHONEOS_DEPLOYMENT_TARGET = 13.0;
				MTL_ENABLE_DEBUG_INFO = NO;
				SDKROOT = iphoneos;
				SWIFT_OPTIMIZATION_LEVEL = "-Owholemodule";
				TARGETED_DEVICE_FAMILY = "1,2";
				VALIDATE_PRODUCT = YES;
			};
			name = Release;
		};
		48ABDFBC1C2063D70078391A /* Debug */ = {
			isa = XCBuildConfiguration;
			buildSettings = {
				ASSETCATALOG_COMPILER_APPICON_NAME = AppIcon;
				CODE_SIGN_ENTITLEMENTS = Counties/Counties.entitlements;
				DEVELOPMENT_TEAM = "";
				INFOPLIST_FILE = Adaptivity/Info.plist;
				IPHONEOS_DEPLOYMENT_TARGET = 13.0;
				LD_RUNPATH_SEARCH_PATHS = "$(inherited) @executable_path/Frameworks";
				PRODUCT_BUNDLE_IDENTIFIER = com.darjeeling.Adaptivity;
				PRODUCT_NAME = "$(TARGET_NAME)";
				SWIFT_SWIFT3_OBJC_INFERENCE = Default;
				SWIFT_VERSION = 5.0;
			};
			name = Debug;
		};
		48ABDFBD1C2063D70078391A /* Release */ = {
			isa = XCBuildConfiguration;
			buildSettings = {
				ASSETCATALOG_COMPILER_APPICON_NAME = AppIcon;
				CODE_SIGN_ENTITLEMENTS = Counties/Counties.entitlements;
				DEVELOPMENT_TEAM = "";
				INFOPLIST_FILE = Adaptivity/Info.plist;
				IPHONEOS_DEPLOYMENT_TARGET = 13.0;
				LD_RUNPATH_SEARCH_PATHS = "$(inherited) @executable_path/Frameworks";
				PRODUCT_BUNDLE_IDENTIFIER = com.darjeeling.Adaptivity;
				PRODUCT_NAME = "$(TARGET_NAME)";
				SWIFT_SWIFT3_OBJC_INFERENCE = Default;
				SWIFT_VERSION = 5.0;
			};
			name = Release;
		};
		B63121161C60D69F0063E975 /* Debug */ = {
			isa = XCBuildConfiguration;
			buildSettings = {
				ALWAYS_EMBED_SWIFT_STANDARD_LIBRARIES = YES;
				ASSETCATALOG_COMPILER_APPICON_NAME = AppIcon;
				DEVELOPMENT_TEAM = "";
				IBSC_MODULE = Counties_Extension;
				INFOPLIST_FILE = Counties/Info.plist;
				PRODUCT_BUNDLE_IDENTIFIER = com.darjeeling.Adaptivity.watchkitapp;
				PRODUCT_NAME = "$(TARGET_NAME)";
				SDKROOT = watchos;
				SKIP_INSTALL = YES;
				SWIFT_VERSION = 3.0;
				TARGETED_DEVICE_FAMILY = 4;
				WATCHOS_DEPLOYMENT_TARGET = 6.0;
			};
			name = Debug;
		};
		B63121171C60D69F0063E975 /* Release */ = {
			isa = XCBuildConfiguration;
			buildSettings = {
				ALWAYS_EMBED_SWIFT_STANDARD_LIBRARIES = YES;
				ASSETCATALOG_COMPILER_APPICON_NAME = AppIcon;
				DEVELOPMENT_TEAM = "";
				IBSC_MODULE = Counties_Extension;
				INFOPLIST_FILE = Counties/Info.plist;
				PRODUCT_BUNDLE_IDENTIFIER = com.darjeeling.Adaptivity.watchkitapp;
				PRODUCT_NAME = "$(TARGET_NAME)";
				SDKROOT = watchos;
				SKIP_INSTALL = YES;
				SWIFT_VERSION = 3.0;
				TARGETED_DEVICE_FAMILY = 4;
				WATCHOS_DEPLOYMENT_TARGET = 6.0;
			};
			name = Release;
		};
		B63121181C60D69F0063E975 /* Debug */ = {
			isa = XCBuildConfiguration;
			buildSettings = {
				DEVELOPMENT_TEAM = "";
				INFOPLIST_FILE = "Counties Extension/Info.plist";
				LD_RUNPATH_SEARCH_PATHS = "$(inherited) @executable_path/Frameworks @executable_path/../../Frameworks";
				PRODUCT_BUNDLE_IDENTIFIER = com.darjeeling.Adaptivity.watchkitapp.watchkitextension;
				PRODUCT_NAME = "${TARGET_NAME}";
				SDKROOT = watchos;
				SKIP_INSTALL = YES;
				SWIFT_SWIFT3_OBJC_INFERENCE = Default;
				SWIFT_VERSION = 5.0;
				TARGETED_DEVICE_FAMILY = 4;
				WATCHOS_DEPLOYMENT_TARGET = 6.0;
			};
			name = Debug;
		};
		B63121191C60D69F0063E975 /* Release */ = {
			isa = XCBuildConfiguration;
			buildSettings = {
				DEVELOPMENT_TEAM = "";
				INFOPLIST_FILE = "Counties Extension/Info.plist";
				LD_RUNPATH_SEARCH_PATHS = "$(inherited) @executable_path/Frameworks @executable_path/../../Frameworks";
				PRODUCT_BUNDLE_IDENTIFIER = com.darjeeling.Adaptivity.watchkitapp.watchkitextension;
				PRODUCT_NAME = "${TARGET_NAME}";
				SDKROOT = watchos;
				SKIP_INSTALL = YES;
				SWIFT_SWIFT3_OBJC_INFERENCE = Default;
				SWIFT_VERSION = 5.0;
				TARGETED_DEVICE_FAMILY = 4;
				WATCHOS_DEPLOYMENT_TARGET = 6.0;
			};
			name = Release;
		};
/* End XCBuildConfiguration section */

/* Begin XCConfigurationList section */
		4893663123D609B100BD781D /* Build configuration list for PBXNativeTarget "CountiesTests" */ = {
			isa = XCConfigurationList;
			buildConfigurations = (
				4893663223D609B100BD781D /* Debug */,
				4893663323D609B100BD781D /* Release */,
			);
			defaultConfigurationIsVisible = 0;
			defaultConfigurationName = Release;
		};
		48ABDFA41C2063D70078391A /* Build configuration list for PBXProject "Adaptivity" */ = {
			isa = XCConfigurationList;
			buildConfigurations = (
				48ABDFB91C2063D70078391A /* Debug */,
				48ABDFBA1C2063D70078391A /* Release */,
			);
			defaultConfigurationIsVisible = 0;
			defaultConfigurationName = Release;
		};
		48ABDFBB1C2063D70078391A /* Build configuration list for PBXNativeTarget "Counties" */ = {
			isa = XCConfigurationList;
			buildConfigurations = (
				48ABDFBC1C2063D70078391A /* Debug */,
				48ABDFBD1C2063D70078391A /* Release */,
			);
			defaultConfigurationIsVisible = 0;
			defaultConfigurationName = Release;
		};
		B631211A1C60D69F0063E975 /* Build configuration list for PBXNativeTarget "Counties Extension" */ = {
			isa = XCConfigurationList;
			buildConfigurations = (
				B63121181C60D69F0063E975 /* Debug */,
				B63121191C60D69F0063E975 /* Release */,
			);
			defaultConfigurationIsVisible = 0;
			defaultConfigurationName = Release;
		};
		B631211C1C60D69F0063E975 /* Build configuration list for PBXNativeTarget "Counties (watchOS)" */ = {
			isa = XCConfigurationList;
			buildConfigurations = (
				B63121161C60D69F0063E975 /* Debug */,
				B63121171C60D69F0063E975 /* Release */,
			);
			defaultConfigurationIsVisible = 0;
			defaultConfigurationName = Release;
		};
/* End XCConfigurationList section */
	};
	rootObject = 48ABDFA11C2063D70078391A /* Project object */;
}
